
Microsoft Visual Studio Solution File, Format Version 12.00
# Visual Studio Version 17
VisualStudioVersion = 17.4.33110.190
MinimumVisualStudioVersion = 10.0.40219.1
Project("{FAE04EC0-301F-11D3-BF4B-00C04F79EFBC}") = "RockPaperScissors", "RockPaperScissors\RockPaperScissors.csproj", "{3CEB1E26-0CBF-4653-B2C7-76FA40B8A72C}"
EndProject
Project("{FAE04EC0-301F-11D3-BF4B-00C04F79EFBC}") = "RockPaperScissors.Test", "RockPaperScissors.Test\RockPaperScissors.Test.csproj", "{FE3F4DB9-4D4B-4B0B-93F3-6864848972E1}"
EndProject
Global
	GlobalSection(SolutionConfigurationPlatforms) = preSolution
		Debug|Any CPU = Debug|Any CPU
		Release|Any CPU = Release|Any CPU
	EndGlobalSection
	GlobalSection(ProjectConfigurationPlatforms) = postSolution
		{3CEB1E26-0CBF-4653-B2C7-76FA40B8A72C}.Debug|Any CPU.ActiveCfg = Debug|Any CPU
		{3CEB1E26-0CBF-4653-B2C7-76FA40B8A72C}.Debug|Any CPU.Build.0 = Debug|Any CPU
		{3CEB1E26-0CBF-4653-B2C7-76FA40B8A72C}.Release|Any CPU.ActiveCfg = Release|Any CPU
		{3CEB1E26-0CBF-4653-B2C7-76FA40B8A72C}.Release|Any CPU.Build.0 = Release|Any CPU
		{FE3F4DB9-4D4B-4B0B-93F3-6864848972E1}.Debug|Any CPU.ActiveCfg = Debug|Any CPU
		{FE3F4DB9-4D4B-4B0B-93F3-6864848972E1}.Debug|Any CPU.Build.0 = Debug|Any CPU
		{FE3F4DB9-4D4B-4B0B-93F3-6864848972E1}.Release|Any CPU.ActiveCfg = Release|Any CPU
		{FE3F4DB9-4D4B-4B0B-93F3-6864848972E1}.Release|Any CPU.Build.0 = Release|Any CPU
	EndGlobalSection
	GlobalSection(SolutionProperties) = preSolution
		HideSolutionNode = FALSE
	EndGlobalSection
	GlobalSection(ExtensibilityGlobals) = postSolution
		SolutionGuid = {D49C4463-F0A2-4257-9740-B10CA229FD4A}
	EndGlobalSection
EndGlobal
